// !$*UTF8*$!
{
	archiveVersion = 1;
	classes = {
	};
	objectVersion = 55;
	objects = {

/* Begin PBXBuildFile section */
		A1AB68942889D72F00875290 /* SwiftUI_iOS14_App.swift in Sources */ = {isa = PBXBuildFile; fileRef = A1AB68932889D72F00875290 /* SwiftUI_iOS14_App.swift */; };
		A1AB68962889D72F00875290 /* ContentView.swift in Sources */ = {isa = PBXBuildFile; fileRef = A1AB68952889D72F00875290 /* ContentView.swift */; };
		A1AB68982889D73000875290 /* Assets.xcassets in Resources */ = {isa = PBXBuildFile; fileRef = A1AB68972889D73000875290 /* Assets.xcassets */; };
		A1AB689B2889D73000875290 /* Preview Assets.xcassets in Resources */ = {isa = PBXBuildFile; fileRef = A1AB689A2889D73000875290 /* Preview Assets.xcassets */; };
		A1AB68A22889D7ED00875290 /* TextEditorView.swift in Sources */ = {isa = PBXBuildFile; fileRef = A1AB68A12889D7ED00875290 /* TextEditorView.swift */; };
		A1AB68A42889D80700875290 /* MapView.swift in Sources */ = {isa = PBXBuildFile; fileRef = A1AB68A32889D80700875290 /* MapView.swift */; };
		A1AB68A62889D82800875290 /* LazyStacks.swift in Sources */ = {isa = PBXBuildFile; fileRef = A1AB68A52889D82800875290 /* LazyStacks.swift */; };
		A1AB68A82889D84000875290 /* CustomProgressView.swift in Sources */ = {isa = PBXBuildFile; fileRef = A1AB68A72889D84000875290 /* CustomProgressView.swift */; };
		A1AB68AA2889DA0A00875290 /* LabelView.swift in Sources */ = {isa = PBXBuildFile; fileRef = A1AB68A92889DA0A00875290 /* LabelView.swift */; };
		A1AB68AC2889DA2400875290 /* WebLinks.swift in Sources */ = {isa = PBXBuildFile; fileRef = A1AB68AB2889DA2400875290 /* WebLinks.swift */; };
		A1AB68AE2889DA3C00875290 /* DatePickerView.swift in Sources */ = {isa = PBXBuildFile; fileRef = A1AB68AD2889DA3C00875290 /* DatePickerView.swift */; };
		A1AB68B02889DA6400875290 /* ToolbarItemsView.swift in Sources */ = {isa = PBXBuildFile; fileRef = A1AB68AF2889DA6400875290 /* ToolbarItemsView.swift */; };
		A1AB68B22889DB1300875290 /* ExpandingList.swift in Sources */ = {isa = PBXBuildFile; fileRef = A1AB68B12889DB1300875290 /* ExpandingList.swift */; };
		A1AB68B42889DB3F00875290 /* TextFile.swift in Sources */ = {isa = PBXBuildFile; fileRef = A1AB68B32889DB3F00875290 /* TextFile.swift */; };
		A1AB68B62889DB6300875290 /* MatchedGeometry.swift in Sources */ = {isa = PBXBuildFile; fileRef = A1AB68B52889DB6300875290 /* MatchedGeometry.swift */; };
		A1AB68B82889DB7C00875290 /* CustomScrollViewReader.swift in Sources */ = {isa = PBXBuildFile; fileRef = A1AB68B72889DB7C00875290 /* CustomScrollViewReader.swift */; };
		A1AB68BA2889DB9C00875290 /* FullScreenModalView.swift in Sources */ = {isa = PBXBuildFile; fileRef = A1AB68B92889DB9C00875290 /* FullScreenModalView.swift */; };
		A1AB68BC2889DBC100875290 /* DateFormattingView.swift in Sources */ = {isa = PBXBuildFile; fileRef = A1AB68BB2889DBC100875290 /* DateFormattingView.swift */; };
		A1AB68BE2889DBD900875290 /* CustomListView.swift in Sources */ = {isa = PBXBuildFile; fileRef = A1AB68BD2889DBD900875290 /* CustomListView.swift */; };
		A1AB68C02889DBF200875290 /* user.png in Resources */ = {isa = PBXBuildFile; fileRef = A1AB68BF2889DBF200875290 /* user.png */; };
/* End PBXBuildFile section */

/* Begin PBXFileReference section */
		A1AB68902889D72F00875290 /* SwiftUI(iOS14).app */ = {isa = PBXFileReference; explicitFileType = wrapper.application; includeInIndex = 0; path = "SwiftUI(iOS14).app"; sourceTree = BUILT_PRODUCTS_DIR; };
		A1AB68932889D72F00875290 /* SwiftUI_iOS14_App.swift */ = {isa = PBXFileReference; lastKnownFileType = sourcecode.swift; path = SwiftUI_iOS14_App.swift; sourceTree = "<group>"; };
		A1AB68952889D72F00875290 /* ContentView.swift */ = {isa = PBXFileReference; lastKnownFileType = sourcecode.swift; path = ContentView.swift; sourceTree = "<group>"; };
		A1AB68972889D73000875290 /* Assets.xcassets */ = {isa = PBXFileReference; lastKnownFileType = folder.assetcatalog; path = Assets.xcassets; sourceTree = "<group>"; };
		A1AB689A2889D73000875290 /* Preview Assets.xcassets */ = {isa = PBXFileReference; lastKnownFileType = folder.assetcatalog; path = "Preview Assets.xcassets"; sourceTree = "<group>"; };
		A1AB68A12889D7ED00875290 /* TextEditorView.swift */ = {isa = PBXFileReference; lastKnownFileType = sourcecode.swift; path = TextEditorView.swift; sourceTree = "<group>"; };
		A1AB68A32889D80700875290 /* MapView.swift */ = {isa = PBXFileReference; lastKnownFileType = sourcecode.swift; path = MapView.swift; sourceTree = "<group>"; };
		A1AB68A52889D82800875290 /* LazyStacks.swift */ = {isa = PBXFileReference; lastKnownFileType = sourcecode.swift; path = LazyStacks.swift; sourceTree = "<group>"; };
		A1AB68A72889D84000875290 /* CustomProgressView.swift */ = {isa = PBXFileReference; lastKnownFileType = sourcecode.swift; path = CustomProgressView.swift; sourceTree = "<group>"; };
		A1AB68A92889DA0A00875290 /* LabelView.swift */ = {isa = PBXFileReference; lastKnownFileType = sourcecode.swift; path = LabelView.swift; sourceTree = "<group>"; };
		A1AB68AB2889DA2400875290 /* WebLinks.swift */ = {isa = PBXFileReference; lastKnownFileType = sourcecode.swift; path = WebLinks.swift; sourceTree = "<group>"; };
		A1AB68AD2889DA3C00875290 /* DatePickerView.swift */ = {isa = PBXFileReference; lastKnownFileType = sourcecode.swift; path = DatePickerView.swift; sourceTree = "<group>"; };
		A1AB68AF2889DA6400875290 /* ToolbarItemsView.swift */ = {isa = PBXFileReference; lastKnownFileType = sourcecode.swift; path = ToolbarItemsView.swift; sourceTree = "<group>"; };
		A1AB68B12889DB1300875290 /* ExpandingList.swift */ = {isa = PBXFileReference; lastKnownFileType = sourcecode.swift; path = ExpandingList.swift; sourceTree = "<group>"; };
		A1AB68B32889DB3F00875290 /* TextFile.swift */ = {isa = PBXFileReference; lastKnownFileType = sourcecode.swift; path = TextFile.swift; sourceTree = "<group>"; };
		A1AB68B52889DB6300875290 /* MatchedGeometry.swift */ = {isa = PBXFileReference; lastKnownFileType = sourcecode.swift; path = MatchedGeometry.swift; sourceTree = "<group>"; };
		A1AB68B72889DB7C00875290 /* CustomScrollViewReader.swift */ = {isa = PBXFileReference; lastKnownFileType = sourcecode.swift; path = CustomScrollViewReader.swift; sourceTree = "<group>"; };
		A1AB68B92889DB9C00875290 /* FullScreenModalView.swift */ = {isa = PBXFileReference; lastKnownFileType = sourcecode.swift; path = FullScreenModalView.swift; sourceTree = "<group>"; };
		A1AB68BB2889DBC100875290 /* DateFormattingView.swift */ = {isa = PBXFileReference; lastKnownFileType = sourcecode.swift; path = DateFormattingView.swift; sourceTree = "<group>"; };
		A1AB68BD2889DBD900875290 /* CustomListView.swift */ = {isa = PBXFileReference; lastKnownFileType = sourcecode.swift; path = CustomListView.swift; sourceTree = "<group>"; };
		A1AB68BF2889DBF200875290 /* user.png */ = {isa = PBXFileReference; lastKnownFileType = image.png; path = user.png; sourceTree = "<group>"; };
/* End PBXFileReference section */

/* Begin PBXFrameworksBuildPhase section */
		A1AB688D2889D72F00875290 /* Frameworks */ = {
			isa = PBXFrameworksBuildPhase;
			buildActionMask = 2147483647;
			files = (
			);
			runOnlyForDeploymentPostprocessing = 0;
		};
/* End PBXFrameworksBuildPhase section */

/* Begin PBXGroup section */
		A1AB68872889D72F00875290 = {
			isa = PBXGroup;
			children = (
				A1AB68922889D72F00875290 /* SwiftUI(iOS14) */,
				A1AB68912889D72F00875290 /* Products */,
			);
			sourceTree = "<group>";
		};
		A1AB68912889D72F00875290 /* Products */ = {
			isa = PBXGroup;
			children = (
				A1AB68902889D72F00875290 /* SwiftUI(iOS14).app */,
			);
			name = Products;
			sourceTree = "<group>";
		};
		A1AB68922889D72F00875290 /* SwiftUI(iOS14) */ = {
			isa = PBXGroup;
			children = (
				A1AB68932889D72F00875290 /* SwiftUI_iOS14_App.swift */,
				A1AB68952889D72F00875290 /* ContentView.swift */,
				A1AB68A12889D7ED00875290 /* TextEditorView.swift */,
				A1AB68A32889D80700875290 /* MapView.swift */,
				A1AB68A52889D82800875290 /* LazyStacks.swift */,
				A1AB68A72889D84000875290 /* CustomProgressView.swift */,
				A1AB68A92889DA0A00875290 /* LabelView.swift */,
				A1AB68AB2889DA2400875290 /* WebLinks.swift */,
				A1AB68AD2889DA3C00875290 /* DatePickerView.swift */,
				A1AB68AF2889DA6400875290 /* ToolbarItemsView.swift */,
				A1AB68B12889DB1300875290 /* ExpandingList.swift */,
				A1AB68B32889DB3F00875290 /* TextFile.swift */,
				A1AB68B52889DB6300875290 /* MatchedGeometry.swift */,
				A1AB68B72889DB7C00875290 /* CustomScrollViewReader.swift */,
				A1AB68B92889DB9C00875290 /* FullScreenModalView.swift */,
				A1AB68BB2889DBC100875290 /* DateFormattingView.swift */,
				A1AB68BD2889DBD900875290 /* CustomListView.swift */,
				A1AB68BF2889DBF200875290 /* user.png */,
				A1AB68972889D73000875290 /* Assets.xcassets */,
				A1AB68992889D73000875290 /* Preview Content */,
			);
			path = "SwiftUI(iOS14)";
			sourceTree = "<group>";
		};
		A1AB68992889D73000875290 /* Preview Content */ = {
			isa = PBXGroup;
			children = (
				A1AB689A2889D73000875290 /* Preview Assets.xcassets */,
			);
			path = "Preview Content";
			sourceTree = "<group>";
		};
/* End PBXGroup section */

/* Begin PBXNativeTarget section */
		A1AB688F2889D72F00875290 /* SwiftUI(iOS14) */ = {
			isa = PBXNativeTarget;
			buildConfigurationList = A1AB689E2889D73000875290 /* Build configuration list for PBXNativeTarget "SwiftUI(iOS14)" */;
			buildPhases = (
				A1AB688C2889D72F00875290 /* Sources */,
				A1AB688D2889D72F00875290 /* Frameworks */,
				A1AB688E2889D72F00875290 /* Resources */,
			);
			buildRules = (
			);
			dependencies = (
			);
			name = "SwiftUI(iOS14)";
			productName = "SwiftUI(iOS14)";
			productReference = A1AB68902889D72F00875290 /* SwiftUI(iOS14).app */;
			productType = "com.apple.product-type.application";
		};
/* End PBXNativeTarget section */

/* Begin PBXProject section */
		A1AB68882889D72F00875290 /* Project object */ = {
			isa = PBXProject;
			attributes = {
				BuildIndependentTargetsInParallel = 1;
				LastSwiftUpdateCheck = 1340;
				LastUpgradeCheck = 1340;
				TargetAttributes = {
					A1AB688F2889D72F00875290 = {
						CreatedOnToolsVersion = 13.4.1;
					};
				};
			};
			buildConfigurationList = A1AB688B2889D72F00875290 /* Build configuration list for PBXProject "SwiftUI(iOS14)" */;
			compatibilityVersion = "Xcode 13.0";
			developmentRegion = en;
			hasScannedForEncodings = 0;
			knownRegions = (
				en,
				Base,
			);
			mainGroup = A1AB68872889D72F00875290;
			productRefGroup = A1AB68912889D72F00875290 /* Products */;
			projectDirPath = "";
			projectRoot = "";
			targets = (
				A1AB688F2889D72F00875290 /* SwiftUI(iOS14) */,
			);
		};
/* End PBXProject section */

/* Begin PBXResourcesBuildPhase section */
		A1AB688E2889D72F00875290 /* Resources */ = {
			isa = PBXResourcesBuildPhase;
			buildActionMask = 2147483647;
			files = (
				A1AB689B2889D73000875290 /* Preview Assets.xcassets in Resources */,
				A1AB68982889D73000875290 /* Assets.xcassets in Resources */,
				A1AB68C02889DBF200875290 /* user.png in Resources */,
			);
			runOnlyForDeploymentPostprocessing = 0;
		};
/* End PBXResourcesBuildPhase section */

/* Begin PBXSourcesBuildPhase section */
		A1AB688C2889D72F00875290 /* Sources */ = {
			isa = PBXSourcesBuildPhase;
			buildActionMask = 2147483647;
			files = (
				A1AB68AC2889DA2400875290 /* WebLinks.swift in Sources */,
				A1AB68B02889DA6400875290 /* ToolbarItemsView.swift in Sources */,
				A1AB68A22889D7ED00875290 /* TextEditorView.swift in Sources */,
				A1AB68BA2889DB9C00875290 /* FullScreenModalView.swift in Sources */,
				A1AB68A62889D82800875290 /* LazyStacks.swift in Sources */,
				A1AB68AE2889DA3C00875290 /* DatePickerView.swift in Sources */,
				A1AB68AA2889DA0A00875290 /* LabelView.swift in Sources */,
				A1AB68BC2889DBC100875290 /* DateFormattingView.swift in Sources */,
				A1AB68B62889DB6300875290 /* MatchedGeometry.swift in Sources */,
				A1AB68B42889DB3F00875290 /* TextFile.swift in Sources */,
				A1AB68A82889D84000875290 /* CustomProgressView.swift in Sources */,
				A1AB68A42889D80700875290 /* MapView.swift in Sources */,
				A1AB68962889D72F00875290 /* ContentView.swift in Sources */,
				A1AB68B22889DB1300875290 /* ExpandingList.swift in Sources */,
				A1AB68942889D72F00875290 /* SwiftUI_iOS14_App.swift in Sources */,
				A1AB68BE2889DBD900875290 /* CustomListView.swift in Sources */,
				A1AB68B82889DB7C00875290 /* CustomScrollViewReader.swift in Sources */,
			);
			runOnlyForDeploymentPostprocessing = 0;
		};
/* End PBXSourcesBuildPhase section */

/* Begin XCBuildConfiguration section */
		A1AB689C2889D73000875290 /* Debug */ = {
			isa = XCBuildConfiguration;
			buildSettings = {
				ALWAYS_SEARCH_USER_PATHS = NO;
				CLANG_ANALYZER_NONNULL = YES;
				CLANG_ANALYZER_NUMBER_OBJECT_CONVERSION = YES_AGGRESSIVE;
				CLANG_CXX_LANGUAGE_STANDARD = "gnu++17";
				CLANG_ENABLE_MODULES = YES;
				CLANG_ENABLE_OBJC_ARC = YES;
				CLANG_ENABLE_OBJC_WEAK = YES;
				CLANG_WARN_BLOCK_CAPTURE_AUTORELEASING = YES;
				CLANG_WARN_BOOL_CONVERSION = YES;
				CLANG_WARN_COMMA = YES;
				CLANG_WARN_CONSTANT_CONVERSION = YES;
				CLANG_WARN_DEPRECATED_OBJC_IMPLEMENTATIONS = YES;
				CLANG_WARN_DIRECT_OBJC_ISA_USAGE = YES_ERROR;
				CLANG_WARN_DOCUMENTATION_COMMENTS = YES;
				CLANG_WARN_EMPTY_BODY = YES;
				CLANG_WARN_ENUM_CONVERSION = YES;
				CLANG_WARN_INFINITE_RECURSION = YES;
				CLANG_WARN_INT_CONVERSION = YES;
				CLANG_WARN_NON_LITERAL_NULL_CONVERSION = YES;
				CLANG_WARN_OBJC_IMPLICIT_RETAIN_SELF = YES;
				CLANG_WARN_OBJC_LITERAL_CONVERSION = YES;
				CLANG_WARN_OBJC_ROOT_CLASS = YES_ERROR;
				CLANG_WARN_QUOTED_INCLUDE_IN_FRAMEWORK_HEADER = YES;
				CLANG_WARN_RANGE_LOOP_ANALYSIS = YES;
				CLANG_WARN_STRICT_PROTOTYPES = YES;
				CLANG_WARN_SUSPICIOUS_MOVE = YES;
				CLANG_WARN_UNGUARDED_AVAILABILITY = YES_AGGRESSIVE;
				CLANG_WARN_UNREACHABLE_CODE = YES;
				CLANG_WARN__DUPLICATE_METHOD_MATCH = YES;
				COPY_PHASE_STRIP = NO;
				DEBUG_INFORMATION_FORMAT = dwarf;
				ENABLE_STRICT_OBJC_MSGSEND = YES;
				ENABLE_TESTABILITY = YES;
				GCC_C_LANGUAGE_STANDARD = gnu11;
				GCC_DYNAMIC_NO_PIC = NO;
				GCC_NO_COMMON_BLOCKS = YES;
				GCC_OPTIMIZATION_LEVEL = 0;
				GCC_PREPROCESSOR_DEFINITIONS = (
					"DEBUG=1",
					"$(inherited)",
				);
				GCC_WARN_64_TO_32_BIT_CONVERSION = YES;
				GCC_WARN_ABOUT_RETURN_TYPE = YES_ERROR;
				GCC_WARN_UNDECLARED_SELECTOR = YES;
				GCC_WARN_UNINITIALIZED_AUTOS = YES_AGGRESSIVE;
				GCC_WARN_UNUSED_FUNCTION = YES;
				GCC_WARN_UNUSED_VARIABLE = YES;
				IPHONEOS_DEPLOYMENT_TARGET = 15.5;
				MTL_ENABLE_DEBUG_INFO = INCLUDE_SOURCE;
				MTL_FAST_MATH = YES;
				ONLY_ACTIVE_ARCH = YES;
				SDKROOT = iphoneos;
				SWIFT_ACTIVE_COMPILATION_CONDITIONS = DEBUG;
				SWIFT_OPTIMIZATION_LEVEL = "-Onone";
			};
			name = Debug;
		};
		A1AB689D2889D73000875290 /* Release */ = {
			isa = XCBuildConfiguration;
			buildSettings = {
				ALWAYS_SEARCH_USER_PATHS = NO;
				CLANG_ANALYZER_NONNULL = YES;
				CLANG_ANALYZER_NUMBER_OBJECT_CONVERSION = YES_AGGRESSIVE;
				CLANG_CXX_LANGUAGE_STANDARD = "gnu++17";
				CLANG_ENABLE_MODULES = YES;
				CLANG_ENABLE_OBJC_ARC = YES;
				CLANG_ENABLE_OBJC_WEAK = YES;
				CLANG_WARN_BLOCK_CAPTURE_AUTORELEASING = YES;
				CLANG_WARN_BOOL_CONVERSION = YES;
				CLANG_WARN_COMMA = YES;
				CLANG_WARN_CONSTANT_CONVERSION = YES;
				CLANG_WARN_DEPRECATED_OBJC_IMPLEMENTATIONS = YES;
				CLANG_WARN_DIRECT_OBJC_ISA_USAGE = YES_ERROR;
				CLANG_WARN_DOCUMENTATION_COMMENTS = YES;
				CLANG_WARN_EMPTY_BODY = YES;
				CLANG_WARN_ENUM_CONVERSION = YES;
				CLANG_WARN_INFINITE_RECURSION = YES;
				CLANG_WARN_INT_CONVERSION = YES;
				CLANG_WARN_NON_LITERAL_NULL_CONVERSION = YES;
				CLANG_WARN_OBJC_IMPLICIT_RETAIN_SELF = YES;
				CLANG_WARN_OBJC_LITERAL_CONVERSION = YES;
				CLANG_WARN_OBJC_ROOT_CLASS = YES_ERROR;
				CLANG_WARN_QUOTED_INCLUDE_IN_FRAMEWORK_HEADER = YES;
				CLANG_WARN_RANGE_LOOP_ANALYSIS = YES;
				CLANG_WARN_STRICT_PROTOTYPES = YES;
				CLANG_WARN_SUSPICIOUS_MOVE = YES;
				CLANG_WARN_UNGUARDED_AVAILABILITY = YES_AGGRESSIVE;
				CLANG_WARN_UNREACHABLE_CODE = YES;
				CLANG_WARN__DUPLICATE_METHOD_MATCH = YES;
				COPY_PHASE_STRIP = NO;
				DEBUG_INFORMATION_FORMAT = "dwarf-with-dsym";
				ENABLE_NS_ASSERTIONS = NO;
				ENABLE_STRICT_OBJC_MSGSEND = YES;
				GCC_C_LANGUAGE_STANDARD = gnu11;
				GCC_NO_COMMON_BLOCKS = YES;
				GCC_WARN_64_TO_32_BIT_CONVERSION = YES;
				GCC_WARN_ABOUT_RETURN_TYPE = YES_ERROR;
				GCC_WARN_UNDECLARED_SELECTOR = YES;
				GCC_WARN_UNINITIALIZED_AUTOS = YES_AGGRESSIVE;
				GCC_WARN_UNUSED_FUNCTION = YES;
				GCC_WARN_UNUSED_VARIABLE = YES;
				IPHONEOS_DEPLOYMENT_TARGET = 15.5;
				MTL_ENABLE_DEBUG_INFO = NO;
				MTL_FAST_MATH = YES;
				SDKROOT = iphoneos;
				SWIFT_COMPILATION_MODE = wholemodule;
				SWIFT_OPTIMIZATION_LEVEL = "-O";
				VALIDATE_PRODUCT = YES;
			};
			name = Release;
		};
		A1AB689F2889D73000875290 /* Debug */ = {
			isa = XCBuildConfiguration;
			buildSettings = {
				ASSETCATALOG_COMPILER_APPICON_NAME = AppIcon;
				ASSETCATALOG_COMPILER_GLOBAL_ACCENT_COLOR_NAME = AccentColor;
				CODE_SIGN_STYLE = Automatic;
				CURRENT_PROJECT_VERSION = 1;
				DEVELOPMENT_ASSET_PATHS = "\"SwiftUI(iOS14)/Preview Content\"";
				DEVELOPMENT_TEAM = YGRG6HC2V6;
				ENABLE_PREVIEWS = YES;
				GENERATE_INFOPLIST_FILE = YES;
				INFOPLIST_KEY_UIApplicationSceneManifest_Generation = YES;
				INFOPLIST_KEY_UIApplicationSupportsIndirectInputEvents = YES;
				INFOPLIST_KEY_UILaunchScreen_Generation = YES;
				INFOPLIST_KEY_UISupportedInterfaceOrientations_iPad = "UIInterfaceOrientationPortrait UIInterfaceOrientationPortraitUpsideDown UIInterfaceOrientationLandscapeLeft UIInterfaceOrientationLandscapeRight";
				INFOPLIST_KEY_UISupportedInterfaceOrientations_iPhone = "UIInterfaceOrientationPortrait UIInterfaceOrientationLandscapeLeft UIInterfaceOrientationLandscapeRight";
				LD_RUNPATH_SEARCH_PATHS = (
					"$(inherited)",
					"@executable_path/Frameworks",
				);
				MARKETING_VERSION = 1.0;
				PRODUCT_BUNDLE_IDENTIFIER = "Yuratev-Sergey.SwiftUI-iOS14-";
				PRODUCT_NAME = "$(TARGET_NAME)";
				SWIFT_EMIT_LOC_STRINGS = YES;
				SWIFT_VERSION = 5.0;
				TARGETED_DEVICE_FAMILY = "1,2";
			};
			name = Debug;
		};
		A1AB68A02889D73000875290 /* Release */ = {
			isa = XCBuildConfiguration;
			buildSettings = {
				ASSETCATALOG_COMPILER_APPICON_NAME = AppIcon;
				ASSETCATALOG_COMPILER_GLOBAL_ACCENT_COLOR_NAME = AccentColor;
				CODE_SIGN_STYLE = Automatic;
				CURRENT_PROJECT_VERSION = 1;
				DEVELOPMENT_ASSET_PATHS = "\"SwiftUI(iOS14)/Preview Content\"";
				DEVELOPMENT_TEAM = YGRG6HC2V6;
				ENABLE_PREVIEWS = YES;
				GENERATE_INFOPLIST_FILE = YES;
				INFOPLIST_KEY_UIApplicationSceneManifest_Generation = YES;
				INFOPLIST_KEY_UIApplicationSupportsIndirectInputEvents = YES;
				INFOPLIST_KEY_UILaunchScreen_Generation = YES;
				INFOPLIST_KEY_UISupportedInterfaceOrientations_iPad = "UIInterfaceOrientationPortrait UIInterfaceOrientationPortraitUpsideDown UIInterfaceOrientationLandscapeLeft UIInterfaceOrientationLandscapeRight";
				INFOPLIST_KEY_UISupportedInterfaceOrientations_iPhone = "UIInterfaceOrientationPortrait UIInterfaceOrientationLandscapeLeft UIInterfaceOrientationLandscapeRight";
				LD_RUNPATH_SEARCH_PATHS = (
					"$(inherited)",
					"@executable_path/Frameworks",
				);
				MARKETING_VERSION = 1.0;
				PRODUCT_BUNDLE_IDENTIFIER = "Yuratev-Sergey.SwiftUI-iOS14-";
				PRODUCT_NAME = "$(TARGET_NAME)";
				SWIFT_EMIT_LOC_STRINGS = YES;
				SWIFT_VERSION = 5.0;
				TARGETED_DEVICE_FAMILY = "1,2";
			};
			name = Release;
		};
/* End XCBuildConfiguration section */

/* Begin XCConfigurationList section */
		A1AB688B2889D72F00875290 /* Build configuration list for PBXProject "SwiftUI(iOS14)" */ = {
			isa = XCConfigurationList;
			buildConfigurations = (
				A1AB689C2889D73000875290 /* Debug */,
				A1AB689D2889D73000875290 /* Release */,
			);
			defaultConfigurationIsVisible = 0;
			defaultConfigurationName = Release;
		};
		A1AB689E2889D73000875290 /* Build configuration list for PBXNativeTarget "SwiftUI(iOS14)" */ = {
			isa = XCConfigurationList;
			buildConfigurations = (
				A1AB689F2889D73000875290 /* Debug */,
				A1AB68A02889D73000875290 /* Release */,
			);
			defaultConfigurationIsVisible = 0;
			defaultConfigurationName = Release;
		};
/* End XCConfigurationList section */
	};
	rootObject = A1AB68882889D72F00875290 /* Project object */;
}
